
Microsoft Visual Studio Solution File, Format Version 12.00
# Visual Studio Version 17
VisualStudioVersion = 17.7.34031.279
MinimumVisualStudioVersion = 10.0.40219.1
Project("{FAE04EC0-301F-11D3-BF4B-00C04F79EFBC}") = "Biblioteca", "Biblioteca\Biblioteca.csproj", "{8A183F75-EBEE-42F8-A0D0-FCEF10FFE594}"
EndProject
Global
	GlobalSection(SolutionConfigurationPlatforms) = preSolution
		Debug|Any CPU = Debug|Any CPU
		Release|Any CPU = Release|Any CPU
	EndGlobalSection
	GlobalSection(ProjectConfigurationPlatforms) = postSolution
		{8A183F75-EBEE-42F8-A0D0-FCEF10FFE594}.Debug|Any CPU.ActiveCfg = Debug|Any CPU
		{8A183F75-EBEE-42F8-A0D0-FCEF10FFE594}.Debug|Any CPU.Build.0 = Debug|Any CPU
		{8A183F75-EBEE-42F8-A0D0-FCEF10FFE594}.Release|Any CPU.ActiveCfg = Release|Any CPU
		{8A183F75-EBEE-42F8-A0D0-FCEF10FFE594}.Release|Any CPU.Build.0 = Release|Any CPU
	EndGlobalSection
	GlobalSection(SolutionProperties) = preSolution
		HideSolutionNode = FALSE
	EndGlobalSection
	GlobalSection(ExtensibilityGlobals) = postSolution
		SolutionGuid = {30777768-E01E-461B-8975-D462BEA07C9B}
	EndGlobalSection
EndGlobal
